{
    "_meta": {
        "hash": {
            "sha256": "918a0137be62affff7ce0dcf7af74fe038814675812f0a1dc1fffad859d675e1"
        },
        "pipfile-spec": 6,
        "requires": {
            "python_version": "3.6"
        },
        "sources": [
            {
                "name": "pypi",
                "url": "https://pypi.org/simple",
                "verify_ssl": true
            }
        ]
    },
    "default": {
        "e1839a8": {
            "editable": true,
            "path": "."
        }
    },
    "develop": {}
}
